
Microsoft Visual Studio Solution File, Format Version 12.00
# Visual Studio Version 17
VisualStudioVersion = 17.13.35828.75 d17.13
MinimumVisualStudioVersion = 10.0.40219.1
Project("{FAE04EC0-301F-11D3-BF4B-00C04F79EFBC}") = "FractionOverload", "FractionOverload\FractionOverload.csproj", "{FAF5A2AD-F53B-46F8-AB99-0524359F967B}"
EndProject
Global
	GlobalSection(SolutionConfigurationPlatforms) = preSolution
		Debug|Any CPU = Debug|Any CPU
		Release|Any CPU = Release|Any CPU
	EndGlobalSection
	GlobalSection(ProjectConfigurationPlatforms) = postSolution
		{FAF5A2AD-F53B-46F8-AB99-0524359F967B}.Debug|Any CPU.ActiveCfg = Debug|Any CPU
		{FAF5A2AD-F53B-46F8-AB99-0524359F967B}.Debug|Any CPU.Build.0 = Debug|Any CPU
		{FAF5A2AD-F53B-46F8-AB99-0524359F967B}.Release|Any CPU.ActiveCfg = Release|Any CPU
		{FAF5A2AD-F53B-46F8-AB99-0524359F967B}.Release|Any CPU.Build.0 = Release|Any CPU
	EndGlobalSection
	GlobalSection(SolutionProperties) = preSolution
		HideSolutionNode = FALSE
	EndGlobalSection
	GlobalSection(ExtensibilityGlobals) = postSolution
		SolutionGuid = {B40560E6-8180-40BE-B9C3-227710D49898}
	EndGlobalSection
EndGlobal
