
Microsoft Visual Studio Solution File, Format Version 12.00
# Visual Studio Version 17
VisualStudioVersion = 17.0.31903.59
MinimumVisualStudioVersion = 10.0.40219.1
Project("{FAE04EC0-301F-11D3-BF4B-00C04F79EFBC}") = "SimpleApp", "SimpleApp\SimpleApp.csproj", "{09D9C347-BF0A-4CBD-96EE-DCF44D1C5BF4}"
EndProject
Project("{2150E333-8FDC-42A3-9474-1A3956D46DE8}") = "simpleApp.Tests", "simpleApp.Tests", "{4110D26C-B203-9F6D-6ACF-79668F6F8074}"
EndProject
Project("{FAE04EC0-301F-11D3-BF4B-00C04F79EFBC}") = "SimpleApp.Tests", "simpleApp.Tests\SimpleApp.Tests.csproj", "{5DECAE1F-C34D-4DEC-82AE-63FE00CCE0BE}"
EndProject
Global
	GlobalSection(SolutionConfigurationPlatforms) = preSolution
		Debug|Any CPU = Debug|Any CPU
		Debug|x64 = Debug|x64
		Debug|x86 = Debug|x86
		Release|Any CPU = Release|Any CPU
		Release|x64 = Release|x64
		Release|x86 = Release|x86
	EndGlobalSection
	GlobalSection(ProjectConfigurationPlatforms) = postSolution
		{09D9C347-BF0A-4CBD-96EE-DCF44D1C5BF4}.Debug|Any CPU.ActiveCfg = Debug|Any CPU
		{09D9C347-BF0A-4CBD-96EE-DCF44D1C5BF4}.Debug|Any CPU.Build.0 = Debug|Any CPU
		{09D9C347-BF0A-4CBD-96EE-DCF44D1C5BF4}.Debug|x64.ActiveCfg = Debug|Any CPU
		{09D9C347-BF0A-4CBD-96EE-DCF44D1C5BF4}.Debug|x64.Build.0 = Debug|Any CPU
		{09D9C347-BF0A-4CBD-96EE-DCF44D1C5BF4}.Debug|x86.ActiveCfg = Debug|Any CPU
		{09D9C347-BF0A-4CBD-96EE-DCF44D1C5BF4}.Debug|x86.Build.0 = Debug|Any CPU
		{09D9C347-BF0A-4CBD-96EE-DCF44D1C5BF4}.Release|Any CPU.ActiveCfg = Release|Any CPU
		{09D9C347-BF0A-4CBD-96EE-DCF44D1C5BF4}.Release|Any CPU.Build.0 = Release|Any CPU
		{09D9C347-BF0A-4CBD-96EE-DCF44D1C5BF4}.Release|x64.ActiveCfg = Release|Any CPU
		{09D9C347-BF0A-4CBD-96EE-DCF44D1C5BF4}.Release|x64.Build.0 = Release|Any CPU
		{09D9C347-BF0A-4CBD-96EE-DCF44D1C5BF4}.Release|x86.ActiveCfg = Release|Any CPU
		{09D9C347-BF0A-4CBD-96EE-DCF44D1C5BF4}.Release|x86.Build.0 = Release|Any CPU
		{5DECAE1F-C34D-4DEC-82AE-63FE00CCE0BE}.Debug|Any CPU.ActiveCfg = Debug|Any CPU
		{5DECAE1F-C34D-4DEC-82AE-63FE00CCE0BE}.Debug|Any CPU.Build.0 = Debug|Any CPU
		{5DECAE1F-C34D-4DEC-82AE-63FE00CCE0BE}.Debug|x64.ActiveCfg = Debug|Any CPU
		{5DECAE1F-C34D-4DEC-82AE-63FE00CCE0BE}.Debug|x64.Build.0 = Debug|Any CPU
		{5DECAE1F-C34D-4DEC-82AE-63FE00CCE0BE}.Debug|x86.ActiveCfg = Debug|Any CPU
		{5DECAE1F-C34D-4DEC-82AE-63FE00CCE0BE}.Debug|x86.Build.0 = Debug|Any CPU
		{5DECAE1F-C34D-4DEC-82AE-63FE00CCE0BE}.Release|Any CPU.ActiveCfg = Release|Any CPU
		{5DECAE1F-C34D-4DEC-82AE-63FE00CCE0BE}.Release|Any CPU.Build.0 = Release|Any CPU
		{5DECAE1F-C34D-4DEC-82AE-63FE00CCE0BE}.Release|x64.ActiveCfg = Release|Any CPU
		{5DECAE1F-C34D-4DEC-82AE-63FE00CCE0BE}.Release|x64.Build.0 = Release|Any CPU
		{5DECAE1F-C34D-4DEC-82AE-63FE00CCE0BE}.Release|x86.ActiveCfg = Release|Any CPU
		{5DECAE1F-C34D-4DEC-82AE-63FE00CCE0BE}.Release|x86.Build.0 = Release|Any CPU
	EndGlobalSection
	GlobalSection(SolutionProperties) = preSolution
		HideSolutionNode = FALSE
	EndGlobalSection
	GlobalSection(NestedProjects) = preSolution
		{5DECAE1F-C34D-4DEC-82AE-63FE00CCE0BE} = {4110D26C-B203-9F6D-6ACF-79668F6F8074}
	EndGlobalSection
EndGlobal
